
Microsoft Visual Studio Solution File, Format Version 12.00
# Visual Studio Version 17
VisualStudioVersion = 17.1.32210.238
MinimumVisualStudioVersion = 10.0.40219.1
Project("{8BC9CEB8-8B4A-11D0-8D11-00A0C91BC942}") = "Homework_String_Week16", "Homework_String_Week16\Homework_String_Week16.vcxproj", "{BD2B9D4F-471E-4047-B50C-CD7A49A06459}"
EndProject
Global
	GlobalSection(SolutionConfigurationPlatforms) = preSolution
		Debug|x64 = Debug|x64
		Debug|x86 = Debug|x86
		Release|x64 = Release|x64
		Release|x86 = Release|x86
	EndGlobalSection
	GlobalSection(ProjectConfigurationPlatforms) = postSolution
		{BD2B9D4F-471E-4047-B50C-CD7A49A06459}.Debug|x64.ActiveCfg = Debug|x64
		{BD2B9D4F-471E-4047-B50C-CD7A49A06459}.Debug|x64.Build.0 = Debug|x64
		{BD2B9D4F-471E-4047-B50C-CD7A49A06459}.Debug|x86.ActiveCfg = Debug|Win32
		{BD2B9D4F-471E-4047-B50C-CD7A49A06459}.Debug|x86.Build.0 = Debug|Win32
		{BD2B9D4F-471E-4047-B50C-CD7A49A06459}.Release|x64.ActiveCfg = Release|x64
		{BD2B9D4F-471E-4047-B50C-CD7A49A06459}.Release|x64.Build.0 = Release|x64
		{BD2B9D4F-471E-4047-B50C-CD7A49A06459}.Release|x86.ActiveCfg = Release|Win32
		{BD2B9D4F-471E-4047-B50C-CD7A49A06459}.Release|x86.Build.0 = Release|Win32
	EndGlobalSection
	GlobalSection(SolutionProperties) = preSolution
		HideSolutionNode = FALSE
	EndGlobalSection
	GlobalSection(ExtensibilityGlobals) = postSolution
		SolutionGuid = {EEA667DB-D6E5-45C8-9593-793C5E5AE046}
	EndGlobalSection
EndGlobal
